// !$*UTF8*$!
{
	archiveVersion = 1;
	classes = {
	};
	objectVersion = 46;
	objects = {

/* Begin PBXBuildFile section */
		0A17B52F1EDE452D001480B9 /* FirstViewController.swift in Sources */ = {isa = PBXBuildFile; fileRef = 0A17B52E1EDE452D001480B9 /* FirstViewController.swift */; };
		0A763B691EDE427C00D34172 /* AppDelegate.swift in Sources */ = {isa = PBXBuildFile; fileRef = 0A763B681EDE427C00D34172 /* AppDelegate.swift */; };
		0A763B701EDE427C00D34172 /* Assets.xcassets in Resources */ = {isa = PBXBuildFile; fileRef = 0A763B6F1EDE427C00D34172 /* Assets.xcassets */; };
		0A763B731EDE427C00D34172 /* LaunchScreen.storyboard in Resources */ = {isa = PBXBuildFile; fileRef = 0A763B711EDE427C00D34172 /* LaunchScreen.storyboard */; };
		0A763B7E1EDE427C00D34172 /* FirstSpec.swift in Sources */ = {isa = PBXBuildFile; fileRef = 0A763B7D1EDE427C00D34172 /* FirstSpec.swift */; };
		0AF15E471EDE4CDF007DE377 /* Nimble.framework in Frameworks */ = {isa = PBXBuildFile; fileRef = 0AF15E451EDE4CDF007DE377 /* Nimble.framework */; };
		0AF15E481EDE4CDF007DE377 /* Quick.framework in Frameworks */ = {isa = PBXBuildFile; fileRef = 0AF15E461EDE4CDF007DE377 /* Quick.framework */; };
		0AF15E4A1EDE4D16007DE377 /* Nimble.framework in Carthage */ = {isa = PBXBuildFile; fileRef = 0AF15E451EDE4CDF007DE377 /* Nimble.framework */; settings = {ATTRIBUTES = (CodeSignOnCopy, RemoveHeadersOnCopy, ); }; };
		0AF15E4B1EDE4D16007DE377 /* Quick.framework in Carthage */ = {isa = PBXBuildFile; fileRef = 0AF15E461EDE4CDF007DE377 /* Quick.framework */; settings = {ATTRIBUTES = (CodeSignOnCopy, RemoveHeadersOnCopy, ); }; };
/* End PBXBuildFile section */

/* Begin PBXContainerItemProxy section */
		0A763B7A1EDE427C00D34172 /* PBXContainerItemProxy */ = {
			isa = PBXContainerItemProxy;
			containerPortal = 0A763B5D1EDE427C00D34172 /* Project object */;
			proxyType = 1;
			remoteGlobalIDString = 0A763B641EDE427C00D34172;
			remoteInfo = Todo;
		};
/* End PBXContainerItemProxy section */

/* Begin PBXCopyFilesBuildPhase section */
		0AF15E491EDE4D00007DE377 /* Carthage */ = {
			isa = PBXCopyFilesBuildPhase;
			buildActionMask = 2147483647;
			dstPath = "";
			dstSubfolderSpec = 10;
			files = (
				0AF15E4A1EDE4D16007DE377 /* Nimble.framework in Carthage */,
				0AF15E4B1EDE4D16007DE377 /* Quick.framework in Carthage */,
			);
			name = Carthage;
			runOnlyForDeploymentPostprocessing = 0;
		};
/* End PBXCopyFilesBuildPhase section */

/* Begin PBXFileReference section */
		0A17B52E1EDE452D001480B9 /* FirstViewController.swift */ = {isa = PBXFileReference; fileEncoding = 4; lastKnownFileType = sourcecode.swift; path = FirstViewController.swift; sourceTree = "<group>"; };
		0A763B651EDE427C00D34172 /* Todo.app */ = {isa = PBXFileReference; explicitFileType = wrapper.application; includeInIndex = 0; path = Todo.app; sourceTree = BUILT_PRODUCTS_DIR; };
		0A763B681EDE427C00D34172 /* AppDelegate.swift */ = {isa = PBXFileReference; lastKnownFileType = sourcecode.swift; path = AppDelegate.swift; sourceTree = "<group>"; };
		0A763B6F1EDE427C00D34172 /* Assets.xcassets */ = {isa = PBXFileReference; lastKnownFileType = folder.assetcatalog; path = Assets.xcassets; sourceTree = "<group>"; };
		0A763B721EDE427C00D34172 /* Base */ = {isa = PBXFileReference; lastKnownFileType = file.storyboard; name = Base; path = Base.lproj/LaunchScreen.storyboard; sourceTree = "<group>"; };
		0A763B741EDE427C00D34172 /* Info.plist */ = {isa = PBXFileReference; lastKnownFileType = text.plist.xml; path = Info.plist; sourceTree = "<group>"; };
		0A763B791EDE427C00D34172 /* TodoTests.xctest */ = {isa = PBXFileReference; explicitFileType = wrapper.cfbundle; includeInIndex = 0; path = TodoTests.xctest; sourceTree = BUILT_PRODUCTS_DIR; };
		0A763B7D1EDE427C00D34172 /* FirstSpec.swift */ = {isa = PBXFileReference; lastKnownFileType = sourcecode.swift; path = FirstSpec.swift; sourceTree = "<group>"; };
		0A763B7F1EDE427C00D34172 /* Info.plist */ = {isa = PBXFileReference; lastKnownFileType = text.plist.xml; path = Info.plist; sourceTree = "<group>"; };
		0AF15E451EDE4CDF007DE377 /* Nimble.framework */ = {isa = PBXFileReference; lastKnownFileType = wrapper.framework; name = Nimble.framework; path = Carthage/Build/iOS/Nimble.framework; sourceTree = "<group>"; };
		0AF15E461EDE4CDF007DE377 /* Quick.framework */ = {isa = PBXFileReference; lastKnownFileType = wrapper.framework; name = Quick.framework; path = Carthage/Build/iOS/Quick.framework; sourceTree = "<group>"; };
/* End PBXFileReference section */

/* Begin PBXFrameworksBuildPhase section */
		0A763B621EDE427C00D34172 /* Frameworks */ = {
			isa = PBXFrameworksBuildPhase;
			buildActionMask = 2147483647;
			files = (
			);
			runOnlyForDeploymentPostprocessing = 0;
		};
		0A763B761EDE427C00D34172 /* Frameworks */ = {
			isa = PBXFrameworksBuildPhase;
			buildActionMask = 2147483647;
			files = (
				0AF15E471EDE4CDF007DE377 /* Nimble.framework in Frameworks */,
				0AF15E481EDE4CDF007DE377 /* Quick.framework in Frameworks */,
			);
			runOnlyForDeploymentPostprocessing = 0;
		};
/* End PBXFrameworksBuildPhase section */

/* Begin PBXGroup section */
		0A763B5C1EDE427C00D34172 = {
			isa = PBXGroup;
			children = (
				0A763B671EDE427C00D34172 /* Todo */,
				0A763B7C1EDE427C00D34172 /* TodoTests */,
				0A763B661EDE427C00D34172 /* Products */,
				0AF15E441EDE4CDF007DE377 /* Frameworks */,
			);
			sourceTree = "<group>";
		};
		0A763B661EDE427C00D34172 /* Products */ = {
			isa = PBXGroup;
			children = (
				0A763B651EDE427C00D34172 /* Todo.app */,
				0A763B791EDE427C00D34172 /* TodoTests.xctest */,
			);
			name = Products;
			sourceTree = "<group>";
		};
		0A763B671EDE427C00D34172 /* Todo */ = {
			isa = PBXGroup;
			children = (
				0A763B681EDE427C00D34172 /* AppDelegate.swift */,
				0A763B6F1EDE427C00D34172 /* Assets.xcassets */,
				0A763B711EDE427C00D34172 /* LaunchScreen.storyboard */,
				0A763B741EDE427C00D34172 /* Info.plist */,
				0A17B52E1EDE452D001480B9 /* FirstViewController.swift */,
			);
			path = Todo;
			sourceTree = "<group>";
		};
		0A763B7C1EDE427C00D34172 /* TodoTests */ = {
			isa = PBXGroup;
			children = (
				0A763B7D1EDE427C00D34172 /* FirstSpec.swift */,
				0A763B7F1EDE427C00D34172 /* Info.plist */,
			);
			path = TodoTests;
			sourceTree = "<group>";
		};
		0AF15E441EDE4CDF007DE377 /* Frameworks */ = {
			isa = PBXGroup;
			children = (
				0AF15E451EDE4CDF007DE377 /* Nimble.framework */,
				0AF15E461EDE4CDF007DE377 /* Quick.framework */,
			);
			name = Frameworks;
			sourceTree = "<group>";
		};
/* End PBXGroup section */

/* Begin PBXNativeTarget section */
		0A763B641EDE427C00D34172 /* Todo */ = {
			isa = PBXNativeTarget;
			buildConfigurationList = 0A763B821EDE427C00D34172 /* Build configuration list for PBXNativeTarget "Todo" */;
			buildPhases = (
				0A763B611EDE427C00D34172 /* Sources */,
				0A763B621EDE427C00D34172 /* Frameworks */,
				0A763B631EDE427C00D34172 /* Resources */,
			);
			buildRules = (
			);
			dependencies = (
			);
			name = Todo;
			productName = Todo;
			productReference = 0A763B651EDE427C00D34172 /* Todo.app */;
			productType = "com.apple.product-type.application";
		};
		0A763B781EDE427C00D34172 /* TodoTests */ = {
			isa = PBXNativeTarget;
			buildConfigurationList = 0A763B851EDE427C00D34172 /* Build configuration list for PBXNativeTarget "TodoTests" */;
			buildPhases = (
				0A763B751EDE427C00D34172 /* Sources */,
				0A763B761EDE427C00D34172 /* Frameworks */,
				0A763B771EDE427C00D34172 /* Resources */,
				0AF15E491EDE4D00007DE377 /* Carthage */,
			);
			buildRules = (
			);
			dependencies = (
				0A763B7B1EDE427C00D34172 /* PBXTargetDependency */,
			);
			name = TodoTests;
			productName = TodoTests;
			productReference = 0A763B791EDE427C00D34172 /* TodoTests.xctest */;
			productType = "com.apple.product-type.bundle.unit-test";
		};
/* End PBXNativeTarget section */

/* Begin PBXProject section */
		0A763B5D1EDE427C00D34172 /* Project object */ = {
			isa = PBXProject;
			attributes = {
				LastSwiftUpdateCheck = 0830;
				LastUpgradeCheck = 0830;
				ORGANIZATIONNAME = "Thiago Lioy";
				TargetAttributes = {
					0A763B641EDE427C00D34172 = {
						CreatedOnToolsVersion = 8.3.2;
						DevelopmentTeam = J5P786SDN2;
						ProvisioningStyle = Automatic;
					};
					0A763B781EDE427C00D34172 = {
						CreatedOnToolsVersion = 8.3.2;
						DevelopmentTeam = J5P786SDN2;
						ProvisioningStyle = Automatic;
						TestTargetID = 0A763B641EDE427C00D34172;
					};
				};
			};
			buildConfigurationList = 0A763B601EDE427C00D34172 /* Build configuration list for PBXProject "Todo" */;
			compatibilityVersion = "Xcode 3.2";
			developmentRegion = English;
			hasScannedForEncodings = 0;
			knownRegions = (
				en,
				Base,
			);
			mainGroup = 0A763B5C1EDE427C00D34172;
			productRefGroup = 0A763B661EDE427C00D34172 /* Products */;
			projectDirPath = "";
			projectRoot = "";
			targets = (
				0A763B641EDE427C00D34172 /* Todo */,
				0A763B781EDE427C00D34172 /* TodoTests */,
			);
		};
/* End PBXProject section */

/* Begin PBXResourcesBuildPhase section */
		0A763B631EDE427C00D34172 /* Resources */ = {
			isa = PBXResourcesBuildPhase;
			buildActionMask = 2147483647;
			files = (
				0A763B731EDE427C00D34172 /* LaunchScreen.storyboard in Resources */,
				0A763B701EDE427C00D34172 /* Assets.xcassets in Resources */,
			);
			runOnlyForDeploymentPostprocessing = 0;
		};
		0A763B771EDE427C00D34172 /* Resources */ = {
			isa = PBXResourcesBuildPhase;
			buildActionMask = 2147483647;
			files = (
			);
			runOnlyForDeploymentPostprocessing = 0;
		};
/* End PBXResourcesBuildPhase section */

/* Begin PBXSourcesBuildPhase section */
		0A763B611EDE427C00D34172 /* Sources */ = {
			isa = PBXSourcesBuildPhase;
			buildActionMask = 2147483647;
			files = (
				0A763B691EDE427C00D34172 /* AppDelegate.swift in Sources */,
				0A17B52F1EDE452D001480B9 /* FirstViewController.swift in Sources */,
			);
			runOnlyForDeploymentPostprocessing = 0;
		};
		0A763B751EDE427C00D34172 /* Sources */ = {
			isa = PBXSourcesBuildPhase;
			buildActionMask = 2147483647;
			files = (
				0A763B7E1EDE427C00D34172 /* FirstSpec.swift in Sources */,
			);
			runOnlyForDeploymentPostprocessing = 0;
		};
/* End PBXSourcesBuildPhase section */

/* Begin PBXTargetDependency section */
		0A763B7B1EDE427C00D34172 /* PBXTargetDependency */ = {
			isa = PBXTargetDependency;
			target = 0A763B641EDE427C00D34172 /* Todo */;
			targetProxy = 0A763B7A1EDE427C00D34172 /* PBXContainerItemProxy */;
		};
/* End PBXTargetDependency section */

/* Begin PBXVariantGroup section */
		0A763B711EDE427C00D34172 /* LaunchScreen.storyboard */ = {
			isa = PBXVariantGroup;
			children = (
				0A763B721EDE427C00D34172 /* Base */,
			);
			name = LaunchScreen.storyboard;
			sourceTree = "<group>";
		};
/* End PBXVariantGroup section */

/* Begin XCBuildConfiguration section */
		0A763B801EDE427C00D34172 /* Debug */ = {
			isa = XCBuildConfiguration;
			buildSettings = {
				ALWAYS_SEARCH_USER_PATHS = NO;
				CLANG_ANALYZER_NONNULL = YES;
				CLANG_ANALYZER_NUMBER_OBJECT_CONVERSION = YES_AGGRESSIVE;
				CLANG_CXX_LANGUAGE_STANDARD = "gnu++0x";
				CLANG_CXX_LIBRARY = "libc++";
				CLANG_ENABLE_MODULES = YES;
				CLANG_ENABLE_OBJC_ARC = YES;
				CLANG_WARN_BOOL_CONVERSION = YES;
				CLANG_WARN_CONSTANT_CONVERSION = YES;
				CLANG_WARN_DIRECT_OBJC_ISA_USAGE = YES_ERROR;
				CLANG_WARN_DOCUMENTATION_COMMENTS = YES;
				CLANG_WARN_EMPTY_BODY = YES;
				CLANG_WARN_ENUM_CONVERSION = YES;
				CLANG_WARN_INFINITE_RECURSION = YES;
				CLANG_WARN_INT_CONVERSION = YES;
				CLANG_WARN_OBJC_ROOT_CLASS = YES_ERROR;
				CLANG_WARN_SUSPICIOUS_MOVE = YES;
				CLANG_WARN_UNREACHABLE_CODE = YES;
				CLANG_WARN__DUPLICATE_METHOD_MATCH = YES;
				"CODE_SIGN_IDENTITY[sdk=iphoneos*]" = "iPhone Developer";
				COPY_PHASE_STRIP = NO;
				DEBUG_INFORMATION_FORMAT = dwarf;
				ENABLE_STRICT_OBJC_MSGSEND = YES;
				ENABLE_TESTABILITY = YES;
				GCC_C_LANGUAGE_STANDARD = gnu99;
				GCC_DYNAMIC_NO_PIC = NO;
				GCC_NO_COMMON_BLOCKS = YES;
				GCC_OPTIMIZATION_LEVEL = 0;
				GCC_PREPROCESSOR_DEFINITIONS = (
					"DEBUG=1",
					"$(inherited)",
				);
				GCC_WARN_64_TO_32_BIT_CONVERSION = YES;
				GCC_WARN_ABOUT_RETURN_TYPE = YES_ERROR;
				GCC_WARN_UNDECLARED_SELECTOR = YES;
				GCC_WARN_UNINITIALIZED_AUTOS = YES_AGGRESSIVE;
				GCC_WARN_UNUSED_FUNCTION = YES;
				GCC_WARN_UNUSED_VARIABLE = YES;
				IPHONEOS_DEPLOYMENT_TARGET = 10.3;
				MTL_ENABLE_DEBUG_INFO = YES;
				ONLY_ACTIVE_ARCH = YES;
				SDKROOT = iphoneos;
				SWIFT_ACTIVE_COMPILATION_CONDITIONS = DEBUG;
				SWIFT_OPTIMIZATION_LEVEL = "-Onone";
			};
			name = Debug;
		};
		0A763B811EDE427C00D34172 /* Release */ = {
			isa = XCBuildConfiguration;
			buildSettings = {
				ALWAYS_SEARCH_USER_PATHS = NO;
				CLANG_ANALYZER_NONNULL = YES;
				CLANG_ANALYZER_NUMBER_OBJECT_CONVERSION = YES_AGGRESSIVE;
				CLANG_CXX_LANGUAGE_STANDARD = "gnu++0x";
				CLANG_CXX_LIBRARY = "libc++";
				CLANG_ENABLE_MODULES = YES;
				CLANG_ENABLE_OBJC_ARC = YES;
				CLANG_WARN_BOOL_CONVERSION = YES;
				CLANG_WARN_CONSTANT_CONVERSION = YES;
				CLANG_WARN_DIRECT_OBJC_ISA_USAGE = YES_ERROR;
				CLANG_WARN_DOCUMENTATION_COMMENTS = YES;
				CLANG_WARN_EMPTY_BODY = YES;
				CLANG_WARN_ENUM_CONVERSION = YES;
				CLANG_WARN_INFINITE_RECURSION = YES;
				CLANG_WARN_INT_CONVERSION = YES;
				CLANG_WARN_OBJC_ROOT_CLASS = YES_ERROR;
				CLANG_WARN_SUSPICIOUS_MOVE = YES;
				CLANG_WARN_UNREACHABLE_CODE = YES;
				CLANG_WARN__DUPLICATE_METHOD_MATCH = YES;
				"CODE_SIGN_IDENTITY[sdk=iphoneos*]" = "iPhone Developer";
				COPY_PHASE_STRIP = NO;
				DEBUG_INFORMATION_FORMAT = "dwarf-with-dsym";
				ENABLE_NS_ASSERTIONS = NO;
				ENABLE_STRICT_OBJC_MSGSEND = YES;
				GCC_C_LANGUAGE_STANDARD = gnu99;
				GCC_NO_COMMON_BLOCKS = YES;
				GCC_WARN_64_TO_32_BIT_CONVERSION = YES;
				GCC_WARN_ABOUT_RETURN_TYPE = YES_ERROR;
				GCC_WARN_UNDECLARED_SELECTOR = YES;
				GCC_WARN_UNINITIALIZED_AUTOS = YES_AGGRESSIVE;
				GCC_WARN_UNUSED_FUNCTION = YES;
				GCC_WARN_UNUSED_VARIABLE = YES;
				IPHONEOS_DEPLOYMENT_TARGET = 10.3;
				MTL_ENABLE_DEBUG_INFO = NO;
				SDKROOT = iphoneos;
				SWIFT_OPTIMIZATION_LEVEL = "-Owholemodule";
				VALIDATE_PRODUCT = YES;
			};
			name = Release;
		};
		0A763B831EDE427C00D34172 /* Debug */ = {
			isa = XCBuildConfiguration;
			buildSettings = {
				ASSETCATALOG_COMPILER_APPICON_NAME = AppIcon;
				DEVELOPMENT_TEAM = J5P786SDN2;
				INFOPLIST_FILE = Todo/Info.plist;
				LD_RUNPATH_SEARCH_PATHS = "$(inherited) @executable_path/Frameworks";
				PRODUCT_BUNDLE_IDENTIFIER = com.tplioy.Todo;
				PRODUCT_NAME = "$(TARGET_NAME)";
				SWIFT_VERSION = 3.0;
			};
			name = Debug;
		};
		0A763B841EDE427C00D34172 /* Release */ = {
			isa = XCBuildConfiguration;
			buildSettings = {
				ASSETCATALOG_COMPILER_APPICON_NAME = AppIcon;
				DEVELOPMENT_TEAM = J5P786SDN2;
				INFOPLIST_FILE = Todo/Info.plist;
				LD_RUNPATH_SEARCH_PATHS = "$(inherited) @executable_path/Frameworks";
				PRODUCT_BUNDLE_IDENTIFIER = com.tplioy.Todo;
				PRODUCT_NAME = "$(TARGET_NAME)";
				SWIFT_VERSION = 3.0;
			};
			name = Release;
		};
		0A763B861EDE427C00D34172 /* Debug */ = {
			isa = XCBuildConfiguration;
			buildSettings = {
				ALWAYS_EMBED_SWIFT_STANDARD_LIBRARIES = YES;
				BUNDLE_LOADER = "$(TEST_HOST)";
				DEVELOPMENT_TEAM = J5P786SDN2;
				FRAMEWORK_SEARCH_PATHS = (
					"$(inherited)",
					"$(PROJECT_DIR)/Carthage/Build/iOS",
				);
				INFOPLIST_FILE = TodoTests/Info.plist;
				LD_RUNPATH_SEARCH_PATHS = "$(inherited) @executable_path/Frameworks @loader_path/Frameworks";
				PRODUCT_BUNDLE_IDENTIFIER = com.tplioy.TodoTests;
				PRODUCT_NAME = "$(TARGET_NAME)";
				SWIFT_VERSION = 3.0;
				TEST_HOST = "$(BUILT_PRODUCTS_DIR)/Todo.app/Todo";
			};
			name = Debug;
		};
		0A763B871EDE427C00D34172 /* Release */ = {
			isa = XCBuildConfiguration;
			buildSettings = {
				ALWAYS_EMBED_SWIFT_STANDARD_LIBRARIES = YES;
				BUNDLE_LOADER = "$(TEST_HOST)";
				DEVELOPMENT_TEAM = J5P786SDN2;
				FRAMEWORK_SEARCH_PATHS = (
					"$(inherited)",
					"$(PROJECT_DIR)/Carthage/Build/iOS",
				);
				INFOPLIST_FILE = TodoTests/Info.plist;
				LD_RUNPATH_SEARCH_PATHS = "$(inherited) @executable_path/Frameworks @loader_path/Frameworks";
				PRODUCT_BUNDLE_IDENTIFIER = com.tplioy.TodoTests;
				PRODUCT_NAME = "$(TARGET_NAME)";
				SWIFT_VERSION = 3.0;
				TEST_HOST = "$(BUILT_PRODUCTS_DIR)/Todo.app/Todo";
			};
			name = Release;
		};
/* End XCBuildConfiguration section */

/* Begin XCConfigurationList section */
		0A763B601EDE427C00D34172 /* Build configuration list for PBXProject "Todo" */ = {
			isa = XCConfigurationList;
			buildConfigurations = (
				0A763B801EDE427C00D34172 /* Debug */,
				0A763B811EDE427C00D34172 /* Release */,
			);
			defaultConfigurationIsVisible = 0;
			defaultConfigurationName = Release;
		};
		0A763B821EDE427C00D34172 /* Build configuration list for PBXNativeTarget "Todo" */ = {
			isa = XCConfigurationList;
			buildConfigurations = (
				0A763B831EDE427C00D34172 /* Debug */,
				0A763B841EDE427C00D34172 /* Release */,
			);
			defaultConfigurationIsVisible = 0;
			defaultConfigurationName = Release;
		};
		0A763B851EDE427C00D34172 /* Build configuration list for PBXNativeTarget "TodoTests" */ = {
			isa = XCConfigurationList;
			buildConfigurations = (
				0A763B861EDE427C00D34172 /* Debug */,
				0A763B871EDE427C00D34172 /* Release */,
			);
			defaultConfigurationIsVisible = 0;
			defaultConfigurationName = Release;
		};
/* End XCConfigurationList section */
	};
	rootObject = 0A763B5D1EDE427C00D34172 /* Project object */;
}
